
Microsoft Visual Studio Solution File, Format Version 12.00
# Visual Studio Version 17
VisualStudioVersion = 17.7.34221.43
MinimumVisualStudioVersion = 10.0.40219.1
Project("{FAE04EC0-301F-11D3-BF4B-00C04F79EFBC}") = "FizzBuzz", "FizzBuzz.csproj", "{02AA88FA-57B0-4901-AE1D-F3DE2ECD44E9}"
EndProject
Global
	GlobalSection(SolutionConfigurationPlatforms) = preSolution
		Debug|Any CPU = Debug|Any CPU
		Release|Any CPU = Release|Any CPU
	EndGlobalSection
	GlobalSection(ProjectConfigurationPlatforms) = postSolution
		{02AA88FA-57B0-4901-AE1D-F3DE2ECD44E9}.Debug|Any CPU.ActiveCfg = Debug|Any CPU
		{02AA88FA-57B0-4901-AE1D-F3DE2ECD44E9}.Debug|Any CPU.Build.0 = Debug|Any CPU
		{02AA88FA-57B0-4901-AE1D-F3DE2ECD44E9}.Release|Any CPU.ActiveCfg = Release|Any CPU
		{02AA88FA-57B0-4901-AE1D-F3DE2ECD44E9}.Release|Any CPU.Build.0 = Release|Any CPU
	EndGlobalSection
	GlobalSection(SolutionProperties) = preSolution
		HideSolutionNode = FALSE
	EndGlobalSection
	GlobalSection(ExtensibilityGlobals) = postSolution
		SolutionGuid = {B89C84E7-496A-4BE5-ABF3-BB1C87336783}
	EndGlobalSection
EndGlobal
